
Microsoft Visual Studio Solution File, Format Version 12.00
# Visual Studio Version 16
VisualStudioVersion = 16.0.31025.194
MinimumVisualStudioVersion = 10.0.40219.1
Project("{FAE04EC0-301F-11D3-BF4B-00C04F79EFBC}") = "TestplanPackageCounter", "TestplanPackageCounter\TestplanPackageCounter.csproj", "{6BB3A5E5-9ABC-478D-9002-722A2666582C}"
EndProject
Global
	GlobalSection(SolutionConfigurationPlatforms) = preSolution
		Debug|Any CPU = Debug|Any CPU
		Release|Any CPU = Release|Any CPU
	EndGlobalSection
	GlobalSection(ProjectConfigurationPlatforms) = postSolution
		{6BB3A5E5-9ABC-478D-9002-722A2666582C}.Debug|Any CPU.ActiveCfg = Debug|Any CPU
		{6BB3A5E5-9ABC-478D-9002-722A2666582C}.Debug|Any CPU.Build.0 = Debug|Any CPU
		{6BB3A5E5-9ABC-478D-9002-722A2666582C}.Release|Any CPU.ActiveCfg = Release|Any CPU
		{6BB3A5E5-9ABC-478D-9002-722A2666582C}.Release|Any CPU.Build.0 = Release|Any CPU
	EndGlobalSection
	GlobalSection(SolutionProperties) = preSolution
		HideSolutionNode = FALSE
	EndGlobalSection
	GlobalSection(ExtensibilityGlobals) = postSolution
		SolutionGuid = {79FD4875-CD86-419E-BF03-81891186CA5B}
	EndGlobalSection
EndGlobal
